// !$*UTF8*$!
{
	archiveVersion = 1;
	classes = {
	};
	objectVersion = 56;
	objects = {

/* Begin PBXBuildFile section */
		34EA5F78296F2D9600BEED10 /* AppDelegate.swift in Sources */ = {isa = PBXBuildFile; fileRef = 34EA5F77296F2D9600BEED10 /* AppDelegate.swift */; };
		34EA5F7A296F2D9600BEED10 /* SceneDelegate.swift in Sources */ = {isa = PBXBuildFile; fileRef = 34EA5F79296F2D9600BEED10 /* SceneDelegate.swift */; };
		34EA5F7C296F2D9600BEED10 /* ViewController.swift in Sources */ = {isa = PBXBuildFile; fileRef = 34EA5F7B296F2D9600BEED10 /* ViewController.swift */; };
		34EA5F7F296F2D9600BEED10 /* Main.storyboard in Resources */ = {isa = PBXBuildFile; fileRef = 34EA5F7D296F2D9600BEED10 /* Main.storyboard */; };
		34EA5F81296F2D9700BEED10 /* Assets.xcassets in Resources */ = {isa = PBXBuildFile; fileRef = 34EA5F80296F2D9700BEED10 /* Assets.xcassets */; };
		34EA5F84296F2D9700BEED10 /* LaunchScreen.storyboard in Resources */ = {isa = PBXBuildFile; fileRef = 34EA5F82296F2D9700BEED10 /* LaunchScreen.storyboard */; };
		34EA5F8F296F2D9800BEED10 /* ShakeItOffTests.swift in Sources */ = {isa = PBXBuildFile; fileRef = 34EA5F8E296F2D9800BEED10 /* ShakeItOffTests.swift */; };
		34EA5F99296F2D9800BEED10 /* ShakeItOffUITests.swift in Sources */ = {isa = PBXBuildFile; fileRef = 34EA5F98296F2D9800BEED10 /* ShakeItOffUITests.swift */; };
		34EA5F9B296F2D9800BEED10 /* ShakeItOffUITestsLaunchTests.swift in Sources */ = {isa = PBXBuildFile; fileRef = 34EA5F9A296F2D9800BEED10 /* ShakeItOffUITestsLaunchTests.swift */; };
/* End PBXBuildFile section */

/* Begin PBXContainerItemProxy section */
		34EA5F8B296F2D9800BEED10 /* PBXContainerItemProxy */ = {
			isa = PBXContainerItemProxy;
			containerPortal = 34EA5F6C296F2D9600BEED10 /* Project object */;
			proxyType = 1;
			remoteGlobalIDString = 34EA5F73296F2D9600BEED10;
			remoteInfo = ShakeItOff;
		};
		34EA5F95296F2D9800BEED10 /* PBXContainerItemProxy */ = {
			isa = PBXContainerItemProxy;
			containerPortal = 34EA5F6C296F2D9600BEED10 /* Project object */;
			proxyType = 1;
			remoteGlobalIDString = 34EA5F73296F2D9600BEED10;
			remoteInfo = ShakeItOff;
		};
/* End PBXContainerItemProxy section */

/* Begin PBXFileReference section */
		34EA5F74296F2D9600BEED10 /* ShakeItOff.app */ = {isa = PBXFileReference; explicitFileType = wrapper.application; includeInIndex = 0; path = ShakeItOff.app; sourceTree = BUILT_PRODUCTS_DIR; };
		34EA5F77296F2D9600BEED10 /* AppDelegate.swift */ = {isa = PBXFileReference; lastKnownFileType = sourcecode.swift; path = AppDelegate.swift; sourceTree = "<group>"; };
		34EA5F79296F2D9600BEED10 /* SceneDelegate.swift */ = {isa = PBXFileReference; lastKnownFileType = sourcecode.swift; path = SceneDelegate.swift; sourceTree = "<group>"; };
		34EA5F7B296F2D9600BEED10 /* ViewController.swift */ = {isa = PBXFileReference; lastKnownFileType = sourcecode.swift; path = ViewController.swift; sourceTree = "<group>"; };
		34EA5F7E296F2D9600BEED10 /* Base */ = {isa = PBXFileReference; lastKnownFileType = file.storyboard; name = Base; path = Base.lproj/Main.storyboard; sourceTree = "<group>"; };
		34EA5F80296F2D9700BEED10 /* Assets.xcassets */ = {isa = PBXFileReference; lastKnownFileType = folder.assetcatalog; path = Assets.xcassets; sourceTree = "<group>"; };
		34EA5F83296F2D9700BEED10 /* Base */ = {isa = PBXFileReference; lastKnownFileType = file.storyboard; name = Base; path = Base.lproj/LaunchScreen.storyboard; sourceTree = "<group>"; };
		34EA5F85296F2D9700BEED10 /* Info.plist */ = {isa = PBXFileReference; lastKnownFileType = text.plist.xml; path = Info.plist; sourceTree = "<group>"; };
		34EA5F8A296F2D9800BEED10 /* ShakeItOffTests.xctest */ = {isa = PBXFileReference; explicitFileType = wrapper.cfbundle; includeInIndex = 0; path = ShakeItOffTests.xctest; sourceTree = BUILT_PRODUCTS_DIR; };
		34EA5F8E296F2D9800BEED10 /* ShakeItOffTests.swift */ = {isa = PBXFileReference; lastKnownFileType = sourcecode.swift; path = ShakeItOffTests.swift; sourceTree = "<group>"; };
		34EA5F94296F2D9800BEED10 /* ShakeItOffUITests.xctest */ = {isa = PBXFileReference; explicitFileType = wrapper.cfbundle; includeInIndex = 0; path = ShakeItOffUITests.xctest; sourceTree = BUILT_PRODUCTS_DIR; };
		34EA5F98296F2D9800BEED10 /* ShakeItOffUITests.swift */ = {isa = PBXFileReference; lastKnownFileType = sourcecode.swift; path = ShakeItOffUITests.swift; sourceTree = "<group>"; };
		34EA5F9A296F2D9800BEED10 /* ShakeItOffUITestsLaunchTests.swift */ = {isa = PBXFileReference; lastKnownFileType = sourcecode.swift; path = ShakeItOffUITestsLaunchTests.swift; sourceTree = "<group>"; };
/* End PBXFileReference section */

/* Begin PBXFrameworksBuildPhase section */
		34EA5F71296F2D9600BEED10 /* Frameworks */ = {
			isa = PBXFrameworksBuildPhase;
			buildActionMask = 2147483647;
			files = (
			);
			runOnlyForDeploymentPostprocessing = 0;
		};
		34EA5F87296F2D9800BEED10 /* Frameworks */ = {
			isa = PBXFrameworksBuildPhase;
			buildActionMask = 2147483647;
			files = (
			);
			runOnlyForDeploymentPostprocessing = 0;
		};
		34EA5F91296F2D9800BEED10 /* Frameworks */ = {
			isa = PBXFrameworksBuildPhase;
			buildActionMask = 2147483647;
			files = (
			);
			runOnlyForDeploymentPostprocessing = 0;
		};
/* End PBXFrameworksBuildPhase section */

/* Begin PBXGroup section */
		34EA5F6B296F2D9600BEED10 = {
			isa = PBXGroup;
			children = (
				34EA5F76296F2D9600BEED10 /* ShakeItOff */,
				34EA5F8D296F2D9800BEED10 /* ShakeItOffTests */,
				34EA5F97296F2D9800BEED10 /* ShakeItOffUITests */,
				34EA5F75296F2D9600BEED10 /* Products */,
			);
			sourceTree = "<group>";
		};
		34EA5F75296F2D9600BEED10 /* Products */ = {
			isa = PBXGroup;
			children = (
				34EA5F74296F2D9600BEED10 /* ShakeItOff.app */,
				34EA5F8A296F2D9800BEED10 /* ShakeItOffTests.xctest */,
				34EA5F94296F2D9800BEED10 /* ShakeItOffUITests.xctest */,
			);
			name = Products;
			sourceTree = "<group>";
		};
		34EA5F76296F2D9600BEED10 /* ShakeItOff */ = {
			isa = PBXGroup;
			children = (
				34EA5F77296F2D9600BEED10 /* AppDelegate.swift */,
				34EA5F79296F2D9600BEED10 /* SceneDelegate.swift */,
				34EA5F7B296F2D9600BEED10 /* ViewController.swift */,
				34EA5F7D296F2D9600BEED10 /* Main.storyboard */,
				34EA5F80296F2D9700BEED10 /* Assets.xcassets */,
				34EA5F82296F2D9700BEED10 /* LaunchScreen.storyboard */,
				34EA5F85296F2D9700BEED10 /* Info.plist */,
			);
			path = ShakeItOff;
			sourceTree = "<group>";
		};
		34EA5F8D296F2D9800BEED10 /* ShakeItOffTests */ = {
			isa = PBXGroup;
			children = (
				34EA5F8E296F2D9800BEED10 /* ShakeItOffTests.swift */,
			);
			path = ShakeItOffTests;
			sourceTree = "<group>";
		};
		34EA5F97296F2D9800BEED10 /* ShakeItOffUITests */ = {
			isa = PBXGroup;
			children = (
				34EA5F98296F2D9800BEED10 /* ShakeItOffUITests.swift */,
				34EA5F9A296F2D9800BEED10 /* ShakeItOffUITestsLaunchTests.swift */,
			);
			path = ShakeItOffUITests;
			sourceTree = "<group>";
		};
/* End PBXGroup section */

/* Begin PBXNativeTarget section */
		34EA5F73296F2D9600BEED10 /* ShakeItOff */ = {
			isa = PBXNativeTarget;
			buildConfigurationList = 34EA5F9E296F2D9800BEED10 /* Build configuration list for PBXNativeTarget "ShakeItOff" */;
			buildPhases = (
				34EA5F70296F2D9600BEED10 /* Sources */,
				34EA5F71296F2D9600BEED10 /* Frameworks */,
				34EA5F72296F2D9600BEED10 /* Resources */,
			);
			buildRules = (
			);
			dependencies = (
			);
			name = ShakeItOff;
			productName = ShakeItOff;
			productReference = 34EA5F74296F2D9600BEED10 /* ShakeItOff.app */;
			productType = "com.apple.product-type.application";
		};
		34EA5F89296F2D9800BEED10 /* ShakeItOffTests */ = {
			isa = PBXNativeTarget;
			buildConfigurationList = 34EA5FA1296F2D9800BEED10 /* Build configuration list for PBXNativeTarget "ShakeItOffTests" */;
			buildPhases = (
				34EA5F86296F2D9800BEED10 /* Sources */,
				34EA5F87296F2D9800BEED10 /* Frameworks */,
				34EA5F88296F2D9800BEED10 /* Resources */,
			);
			buildRules = (
			);
			dependencies = (
				34EA5F8C296F2D9800BEED10 /* PBXTargetDependency */,
			);
			name = ShakeItOffTests;
			productName = ShakeItOffTests;
			productReference = 34EA5F8A296F2D9800BEED10 /* ShakeItOffTests.xctest */;
			productType = "com.apple.product-type.bundle.unit-test";
		};
		34EA5F93296F2D9800BEED10 /* ShakeItOffUITests */ = {
			isa = PBXNativeTarget;
			buildConfigurationList = 34EA5FA4296F2D9800BEED10 /* Build configuration list for PBXNativeTarget "ShakeItOffUITests" */;
			buildPhases = (
				34EA5F90296F2D9800BEED10 /* Sources */,
				34EA5F91296F2D9800BEED10 /* Frameworks */,
				34EA5F92296F2D9800BEED10 /* Resources */,
			);
			buildRules = (
			);
			dependencies = (
				34EA5F96296F2D9800BEED10 /* PBXTargetDependency */,
			);
			name = ShakeItOffUITests;
			productName = ShakeItOffUITests;
			productReference = 34EA5F94296F2D9800BEED10 /* ShakeItOffUITests.xctest */;
			productType = "com.apple.product-type.bundle.ui-testing";
		};
/* End PBXNativeTarget section */

/* Begin PBXProject section */
		34EA5F6C296F2D9600BEED10 /* Project object */ = {
			isa = PBXProject;
			attributes = {
				BuildIndependentTargetsInParallel = 1;
				LastSwiftUpdateCheck = 1420;
				LastUpgradeCheck = 1420;
				TargetAttributes = {
					34EA5F73296F2D9600BEED10 = {
						CreatedOnToolsVersion = 14.2;
					};
					34EA5F89296F2D9800BEED10 = {
						CreatedOnToolsVersion = 14.2;
						TestTargetID = 34EA5F73296F2D9600BEED10;
					};
					34EA5F93296F2D9800BEED10 = {
						CreatedOnToolsVersion = 14.2;
						TestTargetID = 34EA5F73296F2D9600BEED10;
					};
				};
			};
			buildConfigurationList = 34EA5F6F296F2D9600BEED10 /* Build configuration list for PBXProject "ShakeItOff" */;
			compatibilityVersion = "Xcode 14.0";
			developmentRegion = en;
			hasScannedForEncodings = 0;
			knownRegions = (
				en,
				Base,
			);
			mainGroup = 34EA5F6B296F2D9600BEED10;
			productRefGroup = 34EA5F75296F2D9600BEED10 /* Products */;
			projectDirPath = "";
			projectRoot = "";
			targets = (
				34EA5F73296F2D9600BEED10 /* ShakeItOff */,
				34EA5F89296F2D9800BEED10 /* ShakeItOffTests */,
				34EA5F93296F2D9800BEED10 /* ShakeItOffUITests */,
			);
		};
/* End PBXProject section */

/* Begin PBXResourcesBuildPhase section */
		34EA5F72296F2D9600BEED10 /* Resources */ = {
			isa = PBXResourcesBuildPhase;
			buildActionMask = 2147483647;
			files = (
				34EA5F84296F2D9700BEED10 /* LaunchScreen.storyboard in Resources */,
				34EA5F81296F2D9700BEED10 /* Assets.xcassets in Resources */,
				34EA5F7F296F2D9600BEED10 /* Main.storyboard in Resources */,
			);
			runOnlyForDeploymentPostprocessing = 0;
		};
		34EA5F88296F2D9800BEED10 /* Resources */ = {
			isa = PBXResourcesBuildPhase;
			buildActionMask = 2147483647;
			files = (
			);
			runOnlyForDeploymentPostprocessing = 0;
		};
		34EA5F92296F2D9800BEED10 /* Resources */ = {
			isa = PBXResourcesBuildPhase;
			buildActionMask = 2147483647;
			files = (
			);
			runOnlyForDeploymentPostprocessing = 0;
		};
/* End PBXResourcesBuildPhase section */

/* Begin PBXSourcesBuildPhase section */
		34EA5F70296F2D9600BEED10 /* Sources */ = {
			isa = PBXSourcesBuildPhase;
			buildActionMask = 2147483647;
			files = (
				34EA5F7C296F2D9600BEED10 /* ViewController.swift in Sources */,
				34EA5F78296F2D9600BEED10 /* AppDelegate.swift in Sources */,
				34EA5F7A296F2D9600BEED10 /* SceneDelegate.swift in Sources */,
			);
			runOnlyForDeploymentPostprocessing = 0;
		};
		34EA5F86296F2D9800BEED10 /* Sources */ = {
			isa = PBXSourcesBuildPhase;
			buildActionMask = 2147483647;
			files = (
				34EA5F8F296F2D9800BEED10 /* ShakeItOffTests.swift in Sources */,
			);
			runOnlyForDeploymentPostprocessing = 0;
		};
		34EA5F90296F2D9800BEED10 /* Sources */ = {
			isa = PBXSourcesBuildPhase;
			buildActionMask = 2147483647;
			files = (
				34EA5F9B296F2D9800BEED10 /* ShakeItOffUITestsLaunchTests.swift in Sources */,
				34EA5F99296F2D9800BEED10 /* ShakeItOffUITests.swift in Sources */,
			);
			runOnlyForDeploymentPostprocessing = 0;
		};
/* End PBXSourcesBuildPhase section */

/* Begin PBXTargetDependency section */
		34EA5F8C296F2D9800BEED10 /* PBXTargetDependency */ = {
			isa = PBXTargetDependency;
			target = 34EA5F73296F2D9600BEED10 /* ShakeItOff */;
			targetProxy = 34EA5F8B296F2D9800BEED10 /* PBXContainerItemProxy */;
		};
		34EA5F96296F2D9800BEED10 /* PBXTargetDependency */ = {
			isa = PBXTargetDependency;
			target = 34EA5F73296F2D9600BEED10 /* ShakeItOff */;
			targetProxy = 34EA5F95296F2D9800BEED10 /* PBXContainerItemProxy */;
		};
/* End PBXTargetDependency section */

/* Begin PBXVariantGroup section */
		34EA5F7D296F2D9600BEED10 /* Main.storyboard */ = {
			isa = PBXVariantGroup;
			children = (
				34EA5F7E296F2D9600BEED10 /* Base */,
			);
			name = Main.storyboard;
			sourceTree = "<group>";
		};
		34EA5F82296F2D9700BEED10 /* LaunchScreen.storyboard */ = {
			isa = PBXVariantGroup;
			children = (
				34EA5F83296F2D9700BEED10 /* Base */,
			);
			name = LaunchScreen.storyboard;
			sourceTree = "<group>";
		};
/* End PBXVariantGroup section */

/* Begin XCBuildConfiguration section */
		34EA5F9C296F2D9800BEED10 /* Debug */ = {
			isa = XCBuildConfiguration;
			buildSettings = {
				ALWAYS_SEARCH_USER_PATHS = NO;
				CLANG_ANALYZER_NONNULL = YES;
				CLANG_ANALYZER_NUMBER_OBJECT_CONVERSION = YES_AGGRESSIVE;
				CLANG_CXX_LANGUAGE_STANDARD = "gnu++20";
				CLANG_ENABLE_MODULES = YES;
				CLANG_ENABLE_OBJC_ARC = YES;
				CLANG_ENABLE_OBJC_WEAK = YES;
				CLANG_WARN_BLOCK_CAPTURE_AUTORELEASING = YES;
				CLANG_WARN_BOOL_CONVERSION = YES;
				CLANG_WARN_COMMA = YES;
				CLANG_WARN_CONSTANT_CONVERSION = YES;
				CLANG_WARN_DEPRECATED_OBJC_IMPLEMENTATIONS = YES;
				CLANG_WARN_DIRECT_OBJC_ISA_USAGE = YES_ERROR;
				CLANG_WARN_DOCUMENTATION_COMMENTS = YES;
				CLANG_WARN_EMPTY_BODY = YES;
				CLANG_WARN_ENUM_CONVERSION = YES;
				CLANG_WARN_INFINITE_RECURSION = YES;
				CLANG_WARN_INT_CONVERSION = YES;
				CLANG_WARN_NON_LITERAL_NULL_CONVERSION = YES;
				CLANG_WARN_OBJC_IMPLICIT_RETAIN_SELF = YES;
				CLANG_WARN_OBJC_LITERAL_CONVERSION = YES;
				CLANG_WARN_OBJC_ROOT_CLASS = YES_ERROR;
				CLANG_WARN_QUOTED_INCLUDE_IN_FRAMEWORK_HEADER = YES;
				CLANG_WARN_RANGE_LOOP_ANALYSIS = YES;
				CLANG_WARN_STRICT_PROTOTYPES = YES;
				CLANG_WARN_SUSPICIOUS_MOVE = YES;
				CLANG_WARN_UNGUARDED_AVAILABILITY = YES_AGGRESSIVE;
				CLANG_WARN_UNREACHABLE_CODE = YES;
				CLANG_WARN__DUPLICATE_METHOD_MATCH = YES;
				COPY_PHASE_STRIP = NO;
				DEBUG_INFORMATION_FORMAT = dwarf;
				ENABLE_STRICT_OBJC_MSGSEND = YES;
				ENABLE_TESTABILITY = YES;
				GCC_C_LANGUAGE_STANDARD = gnu11;
				GCC_DYNAMIC_NO_PIC = NO;
				GCC_NO_COMMON_BLOCKS = YES;
				GCC_OPTIMIZATION_LEVEL = 0;
				GCC_PREPROCESSOR_DEFINITIONS = (
					"DEBUG=1",
					"$(inherited)",
				);
				GCC_WARN_64_TO_32_BIT_CONVERSION = YES;
				GCC_WARN_ABOUT_RETURN_TYPE = YES_ERROR;
				GCC_WARN_UNDECLARED_SELECTOR = YES;
				GCC_WARN_UNINITIALIZED_AUTOS = YES_AGGRESSIVE;
				GCC_WARN_UNUSED_FUNCTION = YES;
				GCC_WARN_UNUSED_VARIABLE = YES;
				IPHONEOS_DEPLOYMENT_TARGET = 16.2;
				MTL_ENABLE_DEBUG_INFO = INCLUDE_SOURCE;
				MTL_FAST_MATH = YES;
				ONLY_ACTIVE_ARCH = YES;
				SDKROOT = iphoneos;
				SWIFT_ACTIVE_COMPILATION_CONDITIONS = DEBUG;
				SWIFT_OPTIMIZATION_LEVEL = "-Onone";
			};
			name = Debug;
		};
		34EA5F9D296F2D9800BEED10 /* Release */ = {
			isa = XCBuildConfiguration;
			buildSettings = {
				ALWAYS_SEARCH_USER_PATHS = NO;
				CLANG_ANALYZER_NONNULL = YES;
				CLANG_ANALYZER_NUMBER_OBJECT_CONVERSION = YES_AGGRESSIVE;
				CLANG_CXX_LANGUAGE_STANDARD = "gnu++20";
				CLANG_ENABLE_MODULES = YES;
				CLANG_ENABLE_OBJC_ARC = YES;
				CLANG_ENABLE_OBJC_WEAK = YES;
				CLANG_WARN_BLOCK_CAPTURE_AUTORELEASING = YES;
				CLANG_WARN_BOOL_CONVERSION = YES;
				CLANG_WARN_COMMA = YES;
				CLANG_WARN_CONSTANT_CONVERSION = YES;
				CLANG_WARN_DEPRECATED_OBJC_IMPLEMENTATIONS = YES;
				CLANG_WARN_DIRECT_OBJC_ISA_USAGE = YES_ERROR;
				CLANG_WARN_DOCUMENTATION_COMMENTS = YES;
				CLANG_WARN_EMPTY_BODY = YES;
				CLANG_WARN_ENUM_CONVERSION = YES;
				CLANG_WARN_INFINITE_RECURSION = YES;
				CLANG_WARN_INT_CONVERSION = YES;
				CLANG_WARN_NON_LITERAL_NULL_CONVERSION = YES;
				CLANG_WARN_OBJC_IMPLICIT_RETAIN_SELF = YES;
				CLANG_WARN_OBJC_LITERAL_CONVERSION = YES;
				CLANG_WARN_OBJC_ROOT_CLASS = YES_ERROR;
				CLANG_WARN_QUOTED_INCLUDE_IN_FRAMEWORK_HEADER = YES;
				CLANG_WARN_RANGE_LOOP_ANALYSIS = YES;
				CLANG_WARN_STRICT_PROTOTYPES = YES;
				CLANG_WARN_SUSPICIOUS_MOVE = YES;
				CLANG_WARN_UNGUARDED_AVAILABILITY = YES_AGGRESSIVE;
				CLANG_WARN_UNREACHABLE_CODE = YES;
				CLANG_WARN__DUPLICATE_METHOD_MATCH = YES;
				COPY_PHASE_STRIP = NO;
				DEBUG_INFORMATION_FORMAT = "dwarf-with-dsym";
				ENABLE_NS_ASSERTIONS = NO;
				ENABLE_STRICT_OBJC_MSGSEND = YES;
				GCC_C_LANGUAGE_STANDARD = gnu11;
				GCC_NO_COMMON_BLOCKS = YES;
				GCC_WARN_64_TO_32_BIT_CONVERSION = YES;
				GCC_WARN_ABOUT_RETURN_TYPE = YES_ERROR;
				GCC_WARN_UNDECLARED_SELECTOR = YES;
				GCC_WARN_UNINITIALIZED_AUTOS = YES_AGGRESSIVE;
				GCC_WARN_UNUSED_FUNCTION = YES;
				GCC_WARN_UNUSED_VARIABLE = YES;
				IPHONEOS_DEPLOYMENT_TARGET = 16.2;
				MTL_ENABLE_DEBUG_INFO = NO;
				MTL_FAST_MATH = YES;
				SDKROOT = iphoneos;
				SWIFT_COMPILATION_MODE = wholemodule;
				SWIFT_OPTIMIZATION_LEVEL = "-O";
				VALIDATE_PRODUCT = YES;
			};
			name = Release;
		};
		34EA5F9F296F2D9800BEED10 /* Debug */ = {
			isa = XCBuildConfiguration;
			buildSettings = {
				ASSETCATALOG_COMPILER_APPICON_NAME = AppIcon;
				ASSETCATALOG_COMPILER_GLOBAL_ACCENT_COLOR_NAME = AccentColor;
				CODE_SIGN_STYLE = Automatic;
				CURRENT_PROJECT_VERSION = 1;
				DEVELOPMENT_TEAM = 8D69GAM5D6;
				GENERATE_INFOPLIST_FILE = YES;
				INFOPLIST_FILE = ShakeItOff/Info.plist;
				INFOPLIST_KEY_UIApplicationSupportsIndirectInputEvents = YES;
				INFOPLIST_KEY_UILaunchStoryboardName = LaunchScreen;
				INFOPLIST_KEY_UIMainStoryboardFile = Main;
				INFOPLIST_KEY_UISupportedInterfaceOrientations_iPad = "UIInterfaceOrientationPortrait UIInterfaceOrientationPortraitUpsideDown UIInterfaceOrientationLandscapeLeft UIInterfaceOrientationLandscapeRight";
				INFOPLIST_KEY_UISupportedInterfaceOrientations_iPhone = "UIInterfaceOrientationPortrait UIInterfaceOrientationLandscapeLeft UIInterfaceOrientationLandscapeRight";
				LD_RUNPATH_SEARCH_PATHS = (
					"$(inherited)",
					"@executable_path/Frameworks",
				);
				MARKETING_VERSION = 1.0;
				PRODUCT_BUNDLE_IDENTIFIER = com.holografix.ShakeItOff;
				PRODUCT_NAME = "$(TARGET_NAME)";
				SWIFT_EMIT_LOC_STRINGS = YES;
				SWIFT_VERSION = 5.0;
				TARGETED_DEVICE_FAMILY = "1,2";
			};
			name = Debug;
		};
		34EA5FA0296F2D9800BEED10 /* Release */ = {
			isa = XCBuildConfiguration;
			buildSettings = {
				ASSETCATALOG_COMPILER_APPICON_NAME = AppIcon;
				ASSETCATALOG_COMPILER_GLOBAL_ACCENT_COLOR_NAME = AccentColor;
				CODE_SIGN_STYLE = Automatic;
				CURRENT_PROJECT_VERSION = 1;
				DEVELOPMENT_TEAM = 8D69GAM5D6;
				GENERATE_INFOPLIST_FILE = YES;
				INFOPLIST_FILE = ShakeItOff/Info.plist;
				INFOPLIST_KEY_UIApplicationSupportsIndirectInputEvents = YES;
				INFOPLIST_KEY_UILaunchStoryboardName = LaunchScreen;
				INFOPLIST_KEY_UIMainStoryboardFile = Main;
				INFOPLIST_KEY_UISupportedInterfaceOrientations_iPad = "UIInterfaceOrientationPortrait UIInterfaceOrientationPortraitUpsideDown UIInterfaceOrientationLandscapeLeft UIInterfaceOrientationLandscapeRight";
				INFOPLIST_KEY_UISupportedInterfaceOrientations_iPhone = "UIInterfaceOrientationPortrait UIInterfaceOrientationLandscapeLeft UIInterfaceOrientationLandscapeRight";
				LD_RUNPATH_SEARCH_PATHS = (
					"$(inherited)",
					"@executable_path/Frameworks",
				);
				MARKETING_VERSION = 1.0;
				PRODUCT_BUNDLE_IDENTIFIER = com.holografix.ShakeItOff;
				PRODUCT_NAME = "$(TARGET_NAME)";
				SWIFT_EMIT_LOC_STRINGS = YES;
				SWIFT_VERSION = 5.0;
				TARGETED_DEVICE_FAMILY = "1,2";
			};
			name = Release;
		};
		34EA5FA2296F2D9800BEED10 /* Debug */ = {
			isa = XCBuildConfiguration;
			buildSettings = {
				ALWAYS_EMBED_SWIFT_STANDARD_LIBRARIES = YES;
				BUNDLE_LOADER = "$(TEST_HOST)";
				CODE_SIGN_STYLE = Automatic;
				CURRENT_PROJECT_VERSION = 1;
				DEVELOPMENT_TEAM = FHSHQ9JLYB;
				GENERATE_INFOPLIST_FILE = YES;
				IPHONEOS_DEPLOYMENT_TARGET = 16.2;
				MARKETING_VERSION = 1.0;
				PRODUCT_BUNDLE_IDENTIFIER = com.holografix.ShakeItOffTests;
				PRODUCT_NAME = "$(TARGET_NAME)";
				SWIFT_EMIT_LOC_STRINGS = NO;
				SWIFT_VERSION = 5.0;
				TARGETED_DEVICE_FAMILY = "1,2";
				TEST_HOST = "$(BUILT_PRODUCTS_DIR)/ShakeItOff.app/$(BUNDLE_EXECUTABLE_FOLDER_PATH)/ShakeItOff";
			};
			name = Debug;
		};
		34EA5FA3296F2D9800BEED10 /* Release */ = {
			isa = XCBuildConfiguration;
			buildSettings = {
				ALWAYS_EMBED_SWIFT_STANDARD_LIBRARIES = YES;
				BUNDLE_LOADER = "$(TEST_HOST)";
				CODE_SIGN_STYLE = Automatic;
				CURRENT_PROJECT_VERSION = 1;
				DEVELOPMENT_TEAM = FHSHQ9JLYB;
				GENERATE_INFOPLIST_FILE = YES;
				IPHONEOS_DEPLOYMENT_TARGET = 16.2;
				MARKETING_VERSION = 1.0;
				PRODUCT_BUNDLE_IDENTIFIER = com.holografix.ShakeItOffTests;
				PRODUCT_NAME = "$(TARGET_NAME)";
				SWIFT_EMIT_LOC_STRINGS = NO;
				SWIFT_VERSION = 5.0;
				TARGETED_DEVICE_FAMILY = "1,2";
				TEST_HOST = "$(BUILT_PRODUCTS_DIR)/ShakeItOff.app/$(BUNDLE_EXECUTABLE_FOLDER_PATH)/ShakeItOff";
			};
			name = Release;
		};
		34EA5FA5296F2D9800BEED10 /* Debug */ = {
			isa = XCBuildConfiguration;
			buildSettings = {
				ALWAYS_EMBED_SWIFT_STANDARD_LIBRARIES = YES;
				CODE_SIGN_STYLE = Automatic;
				CURRENT_PROJECT_VERSION = 1;
				DEVELOPMENT_TEAM = FHSHQ9JLYB;
				GENERATE_INFOPLIST_FILE = YES;
				MARKETING_VERSION = 1.0;
				PRODUCT_BUNDLE_IDENTIFIER = com.holografix.ShakeItOffUITests;
				PRODUCT_NAME = "$(TARGET_NAME)";
				SWIFT_EMIT_LOC_STRINGS = NO;
				SWIFT_VERSION = 5.0;
				TARGETED_DEVICE_FAMILY = "1,2";
				TEST_TARGET_NAME = ShakeItOff;
			};
			name = Debug;
		};
		34EA5FA6296F2D9800BEED10 /* Release */ = {
			isa = XCBuildConfiguration;
			buildSettings = {
				ALWAYS_EMBED_SWIFT_STANDARD_LIBRARIES = YES;
				CODE_SIGN_STYLE = Automatic;
				CURRENT_PROJECT_VERSION = 1;
				DEVELOPMENT_TEAM = FHSHQ9JLYB;
				GENERATE_INFOPLIST_FILE = YES;
				MARKETING_VERSION = 1.0;
				PRODUCT_BUNDLE_IDENTIFIER = com.holografix.ShakeItOffUITests;
				PRODUCT_NAME = "$(TARGET_NAME)";
				SWIFT_EMIT_LOC_STRINGS = NO;
				SWIFT_VERSION = 5.0;
				TARGETED_DEVICE_FAMILY = "1,2";
				TEST_TARGET_NAME = ShakeItOff;
			};
			name = Release;
		};
/* End XCBuildConfiguration section */

/* Begin XCConfigurationList section */
		34EA5F6F296F2D9600BEED10 /* Build configuration list for PBXProject "ShakeItOff" */ = {
			isa = XCConfigurationList;
			buildConfigurations = (
				34EA5F9C296F2D9800BEED10 /* Debug */,
				34EA5F9D296F2D9800BEED10 /* Release */,
			);
			defaultConfigurationIsVisible = 0;
			defaultConfigurationName = Release;
		};
		34EA5F9E296F2D9800BEED10 /* Build configuration list for PBXNativeTarget "ShakeItOff" */ = {
			isa = XCConfigurationList;
			buildConfigurations = (
				34EA5F9F296F2D9800BEED10 /* Debug */,
				34EA5FA0296F2D9800BEED10 /* Release */,
			);
			defaultConfigurationIsVisible = 0;
			defaultConfigurationName = Release;
		};
		34EA5FA1296F2D9800BEED10 /* Build configuration list for PBXNativeTarget "ShakeItOffTests" */ = {
			isa = XCConfigurationList;
			buildConfigurations = (
				34EA5FA2296F2D9800BEED10 /* Debug */,
				34EA5FA3296F2D9800BEED10 /* Release */,
			);
			defaultConfigurationIsVisible = 0;
			defaultConfigurationName = Release;
		};
		34EA5FA4296F2D9800BEED10 /* Build configuration list for PBXNativeTarget "ShakeItOffUITests" */ = {
			isa = XCConfigurationList;
			buildConfigurations = (
				34EA5FA5296F2D9800BEED10 /* Debug */,
				34EA5FA6296F2D9800BEED10 /* Release */,
			);
			defaultConfigurationIsVisible = 0;
			defaultConfigurationName = Release;
		};
/* End XCConfigurationList section */
	};
	rootObject = 34EA5F6C296F2D9600BEED10 /* Project object */;
}
